<Solution>
  <Folder Name="/src/" />
  <Folder Name="/src/Host/">
    <Project Path="src/Host/Platform.Api/Platform.Api.csproj" />
  </Folder>
  <Folder Name="/src/Kernel/">
    <Project Path="src/Kernel/Kernel.Contracts/Kernel.Contracts.csproj" />
    <Project Path="src/Kernel/Kernel/Kernel.csproj" />
  </Folder>
  <Folder Name="/src/Packs/">
    <Project Path="src/Packs/Ticketing/Packs.Ticketing.csproj" />
  </Folder>
  <Folder Name="/tests/">
    <Project Path="tests/Architecture.Tests/Architecture.Tests.csproj" />
    <Project Path="tests/Kernel.Tests/Kernel.Tests.csproj" />
    <Project Path="tests/Ticketing.Tests/Ticketing.Tests.csproj" />
  </Folder>
</Solution>
